
Microsoft Visual Studio Solution File, Format Version 12.00
# Visual Studio Version 16
VisualStudioVersion = 16.0.31605.320
MinimumVisualStudioVersion = 10.0.40219.1
Project("{FAE04EC0-301F-11D3-BF4B-00C04F79EFBC}") = "pdfCore", "pdfCore\pdfCore.csproj", "{A7D0F6BC-8BCC-47AD-916E-8C3A4E8CEAAC}"
EndProject
Global
	GlobalSection(SolutionConfigurationPlatforms) = preSolution
		Debug|Any CPU = Debug|Any CPU
		Release|Any CPU = Release|Any CPU
	EndGlobalSection
	GlobalSection(ProjectConfigurationPlatforms) = postSolution
		{A7D0F6BC-8BCC-47AD-916E-8C3A4E8CEAAC}.Debug|Any CPU.ActiveCfg = Debug|Any CPU
		{A7D0F6BC-8BCC-47AD-916E-8C3A4E8CEAAC}.Debug|Any CPU.Build.0 = Debug|Any CPU
		{A7D0F6BC-8BCC-47AD-916E-8C3A4E8CEAAC}.Release|Any CPU.ActiveCfg = Release|Any CPU
		{A7D0F6BC-8BCC-47AD-916E-8C3A4E8CEAAC}.Release|Any CPU.Build.0 = Release|Any CPU
	EndGlobalSection
	GlobalSection(SolutionProperties) = preSolution
		HideSolutionNode = FALSE
	EndGlobalSection
	GlobalSection(ExtensibilityGlobals) = postSolution
		SolutionGuid = {58E79EE9-D3EE-4376-B554-14563F6A6EE9}
	EndGlobalSection
EndGlobal
